
Microsoft Visual Studio Solution File, Format Version 12.00
# Visual Studio Version 17
VisualStudioVersion = 17.7.34009.444
MinimumVisualStudioVersion = 10.0.40219.1
Project("{FAE04EC0-301F-11D3-BF4B-00C04F79EFBC}") = "MetaDataStringEditor", "MetaDataStringEditor.csproj", "{FEFCB75C-CD09-4733-A7F5-EFA4C5A55ACA}"
EndProject
Global
	GlobalSection(SolutionConfigurationPlatforms) = preSolution
		Debug|Any CPU = Debug|Any CPU
		Release|Any CPU = Release|Any CPU
	EndGlobalSection
	GlobalSection(ProjectConfigurationPlatforms) = postSolution
		{FEFCB75C-CD09-4733-A7F5-EFA4C5A55ACA}.Debug|Any CPU.ActiveCfg = Debug|Any CPU
		{FEFCB75C-CD09-4733-A7F5-EFA4C5A55ACA}.Debug|Any CPU.Build.0 = Debug|Any CPU
		{FEFCB75C-CD09-4733-A7F5-EFA4C5A55ACA}.Release|Any CPU.ActiveCfg = Release|Any CPU
		{FEFCB75C-CD09-4733-A7F5-EFA4C5A55ACA}.Release|Any CPU.Build.0 = Release|Any CPU
	EndGlobalSection
	GlobalSection(SolutionProperties) = preSolution
		HideSolutionNode = FALSE
	EndGlobalSection
	GlobalSection(ExtensibilityGlobals) = postSolution
		SolutionGuid = {DE6050BD-7800-4114-9100-D62FD644CA81}
	EndGlobalSection
EndGlobal
